
Microsoft Visual Studio Solution File, Format Version 10.00
# Visual Studio 2008
Project("{FAE04EC0-301F-11D3-BF4B-00C04F79EFBC}") = "ParticleTest", "ParticleTest\ParticleTest.csproj", "{E5774068-384D-43D9-8CA0-396DAE3876E0}"
EndProject
Global
	GlobalSection(SolutionConfigurationPlatforms) = preSolution
		Debug|x86 = Debug|x86
		Release|x86 = Release|x86
	EndGlobalSection
	GlobalSection(ProjectConfigurationPlatforms) = postSolution
		{E5774068-384D-43D9-8CA0-396DAE3876E0}.Debug|x86.ActiveCfg = Debug|x86
		{E5774068-384D-43D9-8CA0-396DAE3876E0}.Debug|x86.Build.0 = Debug|x86
		{E5774068-384D-43D9-8CA0-396DAE3876E0}.Release|x86.ActiveCfg = Release|x86
		{E5774068-384D-43D9-8CA0-396DAE3876E0}.Release|x86.Build.0 = Release|x86
		{3332A307-A342-4906-BC43-CAAA36B7DA0C}.Debug|x86.ActiveCfg = Debug|x86
		{3332A307-A342-4906-BC43-CAAA36B7DA0C}.Release|x86.ActiveCfg = Release|x86
	EndGlobalSection
	GlobalSection(SolutionProperties) = preSolution
		HideSolutionNode = FALSE
	EndGlobalSection
EndGlobal
