
Microsoft Visual Studio Solution File, Format Version 12.00
# Visual Studio Version 17
VisualStudioVersion = 17.14.36408.4 d17.14
MinimumVisualStudioVersion = 10.0.40219.1
Project("{FAE04EC0-301F-11D3-BF4B-00C04F79EFBC}") = "PC2", "PC2\PC2.csproj", "{6BAD636C-0FB1-4BA6-A6AF-108E7055E5B5}"
EndProject
Project("{FAE04EC0-301F-11D3-BF4B-00C04F79EFBC}") = "Compiler", "Compiler\Compiler.csproj", "{F74E8EED-8C45-43D8-B7D5-EF49939929B8}"
EndProject
Global
	GlobalSection(SolutionConfigurationPlatforms) = preSolution
		Debug|Any CPU = Debug|Any CPU
		Release|Any CPU = Release|Any CPU
	EndGlobalSection
	GlobalSection(ProjectConfigurationPlatforms) = postSolution
		{6BAD636C-0FB1-4BA6-A6AF-108E7055E5B5}.Debug|Any CPU.ActiveCfg = Debug|Any CPU
		{6BAD636C-0FB1-4BA6-A6AF-108E7055E5B5}.Debug|Any CPU.Build.0 = Debug|Any CPU
		{6BAD636C-0FB1-4BA6-A6AF-108E7055E5B5}.Release|Any CPU.ActiveCfg = Release|Any CPU
		{6BAD636C-0FB1-4BA6-A6AF-108E7055E5B5}.Release|Any CPU.Build.0 = Release|Any CPU
		{F74E8EED-8C45-43D8-B7D5-EF49939929B8}.Debug|Any CPU.ActiveCfg = Debug|Any CPU
		{F74E8EED-8C45-43D8-B7D5-EF49939929B8}.Debug|Any CPU.Build.0 = Debug|Any CPU
		{F74E8EED-8C45-43D8-B7D5-EF49939929B8}.Release|Any CPU.ActiveCfg = Release|Any CPU
		{F74E8EED-8C45-43D8-B7D5-EF49939929B8}.Release|Any CPU.Build.0 = Release|Any CPU
	EndGlobalSection
	GlobalSection(SolutionProperties) = preSolution
		HideSolutionNode = FALSE
	EndGlobalSection
	GlobalSection(ExtensibilityGlobals) = postSolution
		SolutionGuid = {83357DFC-3C08-4D43-B70E-2D628D5A83DF}
	EndGlobalSection
EndGlobal
