
Microsoft Visual Studio Solution File, Format Version 11.00
# Visual Studio 2010
Project("{FAE04EC0-301F-11D3-BF4B-00C04F79EFBC}") = "lonelyOutpost", "lonelyOutpost.csproj", "{2AAD8A89-7AA5-44B3-B6A4-D29F1B01911E}"
EndProject
Global
	GlobalSection(SolutionConfigurationPlatforms) = preSolution
		Debug|Any CPU = Debug|Any CPU
		Release|Any CPU = Release|Any CPU
	EndGlobalSection
	GlobalSection(ProjectConfigurationPlatforms) = postSolution
		{2AAD8A89-7AA5-44B3-B6A4-D29F1B01911E}.Debug|Any CPU.ActiveCfg = Debug|Any CPU
		{2AAD8A89-7AA5-44B3-B6A4-D29F1B01911E}.Debug|Any CPU.Build.0 = Debug|Any CPU
		{2AAD8A89-7AA5-44B3-B6A4-D29F1B01911E}.Release|Any CPU.ActiveCfg = Release|Any CPU
		{2AAD8A89-7AA5-44B3-B6A4-D29F1B01911E}.Release|Any CPU.Build.0 = Release|Any CPU
	EndGlobalSection
	GlobalSection(SolutionProperties) = preSolution
		HideSolutionNode = FALSE
	EndGlobalSection
EndGlobal
